
Microsoft Visual Studio Solution File, Format Version 12.00
# Visual Studio Version 17
VisualStudioVersion = 17.0.32014.148
MinimumVisualStudioVersion = 10.0.40219.1
Project("{FAE04EC0-301F-11D3-BF4B-00C04F79EFBC}") = "Butean_Rares_Lab1", "Butean_Rares_Lab1\Butean_Rares_Lab1.csproj", "{FD2D89A3-E68F-460E-9E15-D92F79AC5C7F}"
EndProject
Global
	GlobalSection(SolutionConfigurationPlatforms) = preSolution
		Debug|Any CPU = Debug|Any CPU
		Release|Any CPU = Release|Any CPU
	EndGlobalSection
	GlobalSection(ProjectConfigurationPlatforms) = postSolution
		{FD2D89A3-E68F-460E-9E15-D92F79AC5C7F}.Debug|Any CPU.ActiveCfg = Debug|Any CPU
		{FD2D89A3-E68F-460E-9E15-D92F79AC5C7F}.Debug|Any CPU.Build.0 = Debug|Any CPU
		{FD2D89A3-E68F-460E-9E15-D92F79AC5C7F}.Release|Any CPU.ActiveCfg = Release|Any CPU
		{FD2D89A3-E68F-460E-9E15-D92F79AC5C7F}.Release|Any CPU.Build.0 = Release|Any CPU
	EndGlobalSection
	GlobalSection(SolutionProperties) = preSolution
		HideSolutionNode = FALSE
	EndGlobalSection
	GlobalSection(ExtensibilityGlobals) = postSolution
		SolutionGuid = {E95EA596-B196-4AFC-844D-FE2212177B29}
	EndGlobalSection
EndGlobal
